
Microsoft Visual Studio Solution File, Format Version 12.00
Project("{FAE04EC0-301F-11D3-BF4B-00C04F79EFBC}") = "TesLang-Compiler", "TesLang-Compiler.csproj", "{45FA9498-8CCF-4C93-A16B-2D66A89FBC1A}"
EndProject
Global
	GlobalSection(SolutionConfigurationPlatforms) = preSolution
		Debug|Any CPU = Debug|Any CPU
		Release|Any CPU = Release|Any CPU
	EndGlobalSection
	GlobalSection(ProjectConfigurationPlatforms) = postSolution
		{45FA9498-8CCF-4C93-A16B-2D66A89FBC1A}.Debug|Any CPU.ActiveCfg = Debug|Any CPU
		{45FA9498-8CCF-4C93-A16B-2D66A89FBC1A}.Debug|Any CPU.Build.0 = Debug|Any CPU
		{45FA9498-8CCF-4C93-A16B-2D66A89FBC1A}.Release|Any CPU.ActiveCfg = Release|Any CPU
		{45FA9498-8CCF-4C93-A16B-2D66A89FBC1A}.Release|Any CPU.Build.0 = Release|Any CPU
	EndGlobalSection
EndGlobal
